
Microsoft Visual Studio Solution File, Format Version 12.00
# Visual Studio Version 17
VisualStudioVersion = 17.4.33403.182
MinimumVisualStudioVersion = 10.0.40219.1
Project("{FAE04EC0-301F-11D3-BF4B-00C04F79EFBC}") = "Паттерны лаб 2", "Паттерны лаб 2\Паттерны лаб 2.csproj", "{EDB27B21-951F-4DC9-BD6E-B2435E0C5090}"
EndProject
Global
	GlobalSection(SolutionConfigurationPlatforms) = preSolution
		Debug|Any CPU = Debug|Any CPU
		Release|Any CPU = Release|Any CPU
	EndGlobalSection
	GlobalSection(ProjectConfigurationPlatforms) = postSolution
		{EDB27B21-951F-4DC9-BD6E-B2435E0C5090}.Debug|Any CPU.ActiveCfg = Debug|Any CPU
		{EDB27B21-951F-4DC9-BD6E-B2435E0C5090}.Debug|Any CPU.Build.0 = Debug|Any CPU
		{EDB27B21-951F-4DC9-BD6E-B2435E0C5090}.Release|Any CPU.ActiveCfg = Release|Any CPU
		{EDB27B21-951F-4DC9-BD6E-B2435E0C5090}.Release|Any CPU.Build.0 = Release|Any CPU
	EndGlobalSection
	GlobalSection(SolutionProperties) = preSolution
		HideSolutionNode = FALSE
	EndGlobalSection
	GlobalSection(ExtensibilityGlobals) = postSolution
		SolutionGuid = {9BEC1CF6-FCDB-4B30-B70A-65E6B400DF6D}
	EndGlobalSection
EndGlobal
